
Microsoft Visual Studio Solution File, Format Version 12.00
# Visual Studio Version 17
VisualStudioVersion = 17.2.32630.192
MinimumVisualStudioVersion = 10.0.40219.1
Project("{FAE04EC0-301F-11D3-BF4B-00C04F79EFBC}") = "FilaCircular", "filaCircular\FilaCircular.csproj", "{1F7F90F2-7B5A-4CBD-ADCC-6349EA73CA2A}"
EndProject
Project("{FAE04EC0-301F-11D3-BF4B-00C04F79EFBC}") = "FilacPilha", "FilacPilha\FilacPilha.csproj", "{4D64DF74-D562-488C-8A49-63DCF0DFC2CD}"
EndProject
Project("{FAE04EC0-301F-11D3-BF4B-00C04F79EFBC}") = "Pilha", "PilhacFila\Pilha.csproj", "{9B114D9C-7AFA-457D-8954-531A12182D24}"
EndProject
Global
	GlobalSection(SolutionConfigurationPlatforms) = preSolution
		Debug|Any CPU = Debug|Any CPU
		Release|Any CPU = Release|Any CPU
	EndGlobalSection
	GlobalSection(ProjectConfigurationPlatforms) = postSolution
		{1F7F90F2-7B5A-4CBD-ADCC-6349EA73CA2A}.Debug|Any CPU.ActiveCfg = Debug|Any CPU
		{1F7F90F2-7B5A-4CBD-ADCC-6349EA73CA2A}.Debug|Any CPU.Build.0 = Debug|Any CPU
		{1F7F90F2-7B5A-4CBD-ADCC-6349EA73CA2A}.Release|Any CPU.ActiveCfg = Release|Any CPU
		{1F7F90F2-7B5A-4CBD-ADCC-6349EA73CA2A}.Release|Any CPU.Build.0 = Release|Any CPU
		{4D64DF74-D562-488C-8A49-63DCF0DFC2CD}.Debug|Any CPU.ActiveCfg = Debug|Any CPU
		{4D64DF74-D562-488C-8A49-63DCF0DFC2CD}.Debug|Any CPU.Build.0 = Debug|Any CPU
		{4D64DF74-D562-488C-8A49-63DCF0DFC2CD}.Release|Any CPU.ActiveCfg = Release|Any CPU
		{4D64DF74-D562-488C-8A49-63DCF0DFC2CD}.Release|Any CPU.Build.0 = Release|Any CPU
		{9B114D9C-7AFA-457D-8954-531A12182D24}.Debug|Any CPU.ActiveCfg = Debug|Any CPU
		{9B114D9C-7AFA-457D-8954-531A12182D24}.Debug|Any CPU.Build.0 = Debug|Any CPU
		{9B114D9C-7AFA-457D-8954-531A12182D24}.Release|Any CPU.ActiveCfg = Release|Any CPU
		{9B114D9C-7AFA-457D-8954-531A12182D24}.Release|Any CPU.Build.0 = Release|Any CPU
	EndGlobalSection
	GlobalSection(SolutionProperties) = preSolution
		HideSolutionNode = FALSE
	EndGlobalSection
	GlobalSection(ExtensibilityGlobals) = postSolution
		SolutionGuid = {685C255C-542E-4AF3-8EFC-C9077599C0B5}
	EndGlobalSection
EndGlobal
